<Solution>
  <Folder Name="/Application/">
    <Project Path="SD.Application/SD.Application.csproj" Id="6fa3ada9-5d6a-4ba0-92ba-5c7fa646d8ee" />
  </Folder>
  <Folder Name="/Clients/" />
  <Folder Name="/Common/" />
  <Folder Name="/Core/">
    <Project Path="SD.Core/SD.Core.csproj" />
  </Folder>
  <Folder Name="/Docs/" />
  <Folder Name="/Persistence/">
    <Project Path="SD.Persistence/SD.Persistence.csproj" Id="632aece5-cdc9-4586-bbf2-179879663087" />
  </Folder>
</Solution>
