<Solution>
  <Folder Name="/Application/">
    <Project Path="SD.Application/SD.Application.csproj" Id="6fa3ada9-5d6a-4ba0-92ba-5c7fa646d8ee" />
  </Folder>
  <Folder Name="/Clients/">
    <Project Path="SD.Web/SD.Web.csproj" Id="384dda67-f8ed-4df6-a0bb-643e258f4daf" />
    <Project Path="SD.WS/SD.WS.csproj" Id="b1ede986-d744-4d31-9ed5-7703636ee5fe" />
  </Folder>
  <Folder Name="/Common/">
    <Project Path="SD.Common/SD.Common.csproj" Id="d53e9032-165c-4d28-81f7-e36145c72a4b" />
  </Folder>
  <Folder Name="/Core/">
    <Project Path="SD.Core/SD.Core.csproj" />
  </Folder>
  <Folder Name="/Docs/" />
  <Folder Name="/Persistence/">
    <Project Path="SD.Persistence/SD.Persistence.csproj" Id="632aece5-cdc9-4586-bbf2-179879663087" />
  </Folder>
</Solution>
