<Solution>
  <Project Path="Wifi.PlaylistEditor.BaseTypes.Test/Wifi.PlaylistEditor.BaseTypes.Test.csproj" />
  <Project Path="Wifi.PlaylistEditor.BaseTypes/Wifi.PlaylistEditor.BaseTypes.csproj" />
  <Project Path="Wifi.PlaylistEditor.ConsoleApp/Wifi.PlaylistEditor.ConsoleApp.csproj" Id="7e117593-ad1c-4c29-8901-4debe036e303" />
  <Project Path="Wifi.PlaylistEditor.Factories/Wifi.PlaylistEditor.Factories.csproj" Id="7950fcf3-29c3-4534-87f6-0c0de5ab7b2a" />
  <Project Path="Wifi.PlaylistEditor.ItemTypes/Wifi.PlaylistEditor.ItemTypes.csproj" Id="1b9d9137-b159-42c1-b058-3f454dd50d9a" />
  <Project Path="Wifi.PlaylistEditor.RepositoryTypes/Wifi.PlaylistEditor.RepositoryTypes.csproj" Id="1feb59d8-4e26-4f99-8813-14fffcf6c22e" />
</Solution>
